{
  "name": "ngx-bstal-azure",
  "version": "0.0.1",
  "lockfileVersion": 1,
  "requires": true,
  "dependencies": {
    "@azure/msal-angular": {
      "version": "2.1.2",
      "resolved": "https://registry.npmjs.org/@azure/msal-angular/-/msal-angular-2.1.2.tgz",
      "integrity": "sha512-rnwxklLYhjdZhHPjth3PUwQAFR9VFeqwaaIPMvXxQwuRiDC9eifp1lAyXa1T8VX1iANgC11BSBm2Lp0SmBOfqg==",
      "requires": {
        "tslib": "^2.0.0"
      },
      "dependencies": {
        "tslib": {
          "version": "2.3.1",
          "resolved": "https://registry.npmjs.org/tslib/-/tslib-2.3.1.tgz",
          "integrity": "sha512-77EbyPPpMz+FRFRuAFlWMtmgUWGe9UOG2Z25NqCwiIjRhOf5iKGuzSe5P2w1laq+FkRy4p+PCuVkJSGkzTEKVw=="
        }
      }
    },
    "@azure/msal-browser": {
      "version": "2.22.1",
      "resolved": "https://registry.npmjs.org/@azure/msal-browser/-/msal-browser-2.22.1.tgz",
      "integrity": "sha512-VYvdSHnOen1CDok01OhfQ2qNxsrY10WAKe6c2reIuwqqDDOkWwq1IDkieGHpDRjj4kGdPZ/dle4d7SlvNi9EJQ==",
      "requires": {
        "@azure/msal-common": "^6.1.0"
      }
    },
    "@azure/msal-common": {
      "version": "6.1.0",
      "resolved": "https://registry.npmjs.org/@azure/msal-common/-/msal-common-6.1.0.tgz",
      "integrity": "sha512-IGjAHttOgKDPQr0Qxx1NjABR635ZNuN7LHjxI0Y7SEA2thcaRGTccy+oaXTFabM/rZLt4F2VrPKUX4BnR9hW9g==",
      "requires": {
        "debug": "^4.1.1"
      }
    },
    "debug": {
      "version": "4.3.4",
      "resolved": "https://registry.npmjs.org/debug/-/debug-4.3.4.tgz",
      "integrity": "sha512-PRWFHuSU3eDtQJPvnNY7Jcket1j0t5OuOsFzPPzsekD52Zl8qUfFIPEiswXqIvHWGVHOgX+7G/vCNNhehwxfkQ==",
      "requires": {
        "ms": "2.1.2"
      }
    },
    "ms": {
      "version": "2.1.2",
      "resolved": "https://registry.npmjs.org/ms/-/ms-2.1.2.tgz",
      "integrity": "sha512-sGkPx+VjMtmA6MX27oA4FBFELFCZZ4S4XqeGOXCv68tT+jb3vk/RyaKWP0PTKyWtmLSM0b+adUTEvbs1PEaH2w=="
    }
  }
}
